// !$*UTF8*$!
{
	archiveVersion = 1;
	classes = {
	};
	objectVersion = 56;
	objects = {

/* Begin PBXBuildFile section */
		5D046DCF29C003B200913AC8 /* FirebaseBootcampApp.swift in Sources */ = {isa = PBXBuildFile; fileRef = 5D046DCE29C003B200913AC8 /* FirebaseBootcampApp.swift */; };
		5D046DD129C003B200913AC8 /* ContentView.swift in Sources */ = {isa = PBXBuildFile; fileRef = 5D046DD029C003B200913AC8 /* ContentView.swift */; };
		5D046DD329C003B400913AC8 /* Assets.xcassets in Resources */ = {isa = PBXBuildFile; fileRef = 5D046DD229C003B400913AC8 /* Assets.xcassets */; };
		5D046DD629C003B400913AC8 /* Preview Assets.xcassets in Resources */ = {isa = PBXBuildFile; fileRef = 5D046DD529C003B400913AC8 /* Preview Assets.xcassets */; };
		5D046DDD29C0048300913AC8 /* GoogleService-Info.plist in Resources */ = {isa = PBXBuildFile; fileRef = 5D046DDC29C0048300913AC8 /* GoogleService-Info.plist */; };
		5D046DE029C0051D00913AC8 /* FirebaseAnalytics in Frameworks */ = {isa = PBXBuildFile; productRef = 5D046DDF29C0051D00913AC8 /* FirebaseAnalytics */; };
		5D046DE229C0051D00913AC8 /* FirebaseAnalyticsSwift in Frameworks */ = {isa = PBXBuildFile; productRef = 5D046DE129C0051D00913AC8 /* FirebaseAnalyticsSwift */; };
		5D2A9FC929C20D700089C467 /* FirebaseAuth in Frameworks */ = {isa = PBXBuildFile; productRef = 5D2A9FC829C20D700089C467 /* FirebaseAuth */; };
		5D2A9FCC29C20E3B0089C467 /* AuthenticationView.swift in Sources */ = {isa = PBXBuildFile; fileRef = 5D2A9FCB29C20E3B0089C467 /* AuthenticationView.swift */; };
		5D2A9FCE29C20FBB0089C467 /* SignInEmailView.swift in Sources */ = {isa = PBXBuildFile; fileRef = 5D2A9FCD29C20FBB0089C467 /* SignInEmailView.swift */; };
		5D2A9FD029C212690089C467 /* AuthenticationManager.swift in Sources */ = {isa = PBXBuildFile; fileRef = 5D2A9FCF29C212690089C467 /* AuthenticationManager.swift */; };
		5D2A9FD229C21CE00089C467 /* RootView.swift in Sources */ = {isa = PBXBuildFile; fileRef = 5D2A9FD129C21CE00089C467 /* RootView.swift */; };
		5D2A9FD429C220F60089C467 /* SettingsView.swift in Sources */ = {isa = PBXBuildFile; fileRef = 5D2A9FD329C220F60089C467 /* SettingsView.swift */; };
		5D70184829C8E44C00F9486B /* SighInAppleHelper.swift in Sources */ = {isa = PBXBuildFile; fileRef = 5D70184729C8E44C00F9486B /* SighInAppleHelper.swift */; };
		5DC6895629C566AB0072ED21 /* SignInGoogleHelper.swift in Sources */ = {isa = PBXBuildFile; fileRef = 5DC6895529C566AB0072ED21 /* SignInGoogleHelper.swift */; };
		5DCDA47F29C510AF0034C35F /* SheetUpdatesView.swift in Sources */ = {isa = PBXBuildFile; fileRef = 5DCDA47E29C510AF0034C35F /* SheetUpdatesView.swift */; };
		5DCDA48229C51D850034C35F /* GoogleSignIn in Frameworks */ = {isa = PBXBuildFile; productRef = 5DCDA48129C51D850034C35F /* GoogleSignIn */; };
		5DCDA48429C51D850034C35F /* GoogleSignInSwift in Frameworks */ = {isa = PBXBuildFile; productRef = 5DCDA48329C51D850034C35F /* GoogleSignInSwift */; };
		5DCDA48829C523E70034C35F /* Utilities.swift in Sources */ = {isa = PBXBuildFile; fileRef = 5DCDA48729C523E70034C35F /* Utilities.swift */; };
/* End PBXBuildFile section */

/* Begin PBXFileReference section */
		5D046DCB29C003B200913AC8 /* FirebaseBootcamp.app */ = {isa = PBXFileReference; explicitFileType = wrapper.application; includeInIndex = 0; path = FirebaseBootcamp.app; sourceTree = BUILT_PRODUCTS_DIR; };
		5D046DCE29C003B200913AC8 /* FirebaseBootcampApp.swift */ = {isa = PBXFileReference; lastKnownFileType = sourcecode.swift; path = FirebaseBootcampApp.swift; sourceTree = "<group>"; };
		5D046DD029C003B200913AC8 /* ContentView.swift */ = {isa = PBXFileReference; lastKnownFileType = sourcecode.swift; path = ContentView.swift; sourceTree = "<group>"; };
		5D046DD229C003B400913AC8 /* Assets.xcassets */ = {isa = PBXFileReference; lastKnownFileType = folder.assetcatalog; path = Assets.xcassets; sourceTree = "<group>"; };
		5D046DD529C003B400913AC8 /* Preview Assets.xcassets */ = {isa = PBXFileReference; lastKnownFileType = folder.assetcatalog; path = "Preview Assets.xcassets"; sourceTree = "<group>"; };
		5D046DDC29C0048300913AC8 /* GoogleService-Info.plist */ = {isa = PBXFileReference; lastKnownFileType = text.plist; path = "GoogleService-Info.plist"; sourceTree = SOURCE_ROOT; };
		5D2A9FCB29C20E3B0089C467 /* AuthenticationView.swift */ = {isa = PBXFileReference; lastKnownFileType = sourcecode.swift; path = AuthenticationView.swift; sourceTree = "<group>"; };
		5D2A9FCD29C20FBB0089C467 /* SignInEmailView.swift */ = {isa = PBXFileReference; lastKnownFileType = sourcecode.swift; path = SignInEmailView.swift; sourceTree = "<group>"; };
		5D2A9FCF29C212690089C467 /* AuthenticationManager.swift */ = {isa = PBXFileReference; lastKnownFileType = sourcecode.swift; path = AuthenticationManager.swift; sourceTree = "<group>"; };
		5D2A9FD129C21CE00089C467 /* RootView.swift */ = {isa = PBXFileReference; lastKnownFileType = sourcecode.swift; path = RootView.swift; sourceTree = "<group>"; };
		5D2A9FD329C220F60089C467 /* SettingsView.swift */ = {isa = PBXFileReference; lastKnownFileType = sourcecode.swift; path = SettingsView.swift; sourceTree = "<group>"; };
		5D70184729C8E44C00F9486B /* SighInAppleHelper.swift */ = {isa = PBXFileReference; lastKnownFileType = sourcecode.swift; path = SighInAppleHelper.swift; sourceTree = "<group>"; };
		5DC6895529C566AB0072ED21 /* SignInGoogleHelper.swift */ = {isa = PBXFileReference; lastKnownFileType = sourcecode.swift; path = SignInGoogleHelper.swift; sourceTree = "<group>"; };
		5DCDA47E29C510AF0034C35F /* SheetUpdatesView.swift */ = {isa = PBXFileReference; lastKnownFileType = sourcecode.swift; path = SheetUpdatesView.swift; sourceTree = "<group>"; };
		5DCDA48529C51DD40034C35F /* Info.plist */ = {isa = PBXFileReference; lastKnownFileType = text.plist; path = Info.plist; sourceTree = "<group>"; };
		5DCDA48729C523E70034C35F /* Utilities.swift */ = {isa = PBXFileReference; lastKnownFileType = sourcecode.swift; path = Utilities.swift; sourceTree = "<group>"; };
/* End PBXFileReference section */

/* Begin PBXFrameworksBuildPhase section */
		5D046DC829C003B200913AC8 /* Frameworks */ = {
			isa = PBXFrameworksBuildPhase;
			buildActionMask = 2147483647;
			files = (
				5DCDA48429C51D850034C35F /* GoogleSignInSwift in Frameworks */,
				5D046DE229C0051D00913AC8 /* FirebaseAnalyticsSwift in Frameworks */,
				5DCDA48229C51D850034C35F /* GoogleSignIn in Frameworks */,
				5D2A9FC929C20D700089C467 /* FirebaseAuth in Frameworks */,
				5D046DE029C0051D00913AC8 /* FirebaseAnalytics in Frameworks */,
			);
			runOnlyForDeploymentPostprocessing = 0;
		};
/* End PBXFrameworksBuildPhase section */

/* Begin PBXGroup section */
		5D046DC229C003B200913AC8 = {
			isa = PBXGroup;
			children = (
				5D046DCD29C003B200913AC8 /* FirebaseBootcamp */,
				5D046DCC29C003B200913AC8 /* Products */,
				5D2A9FC729C20D700089C467 /* Frameworks */,
			);
			sourceTree = "<group>";
		};
		5D046DCC29C003B200913AC8 /* Products */ = {
			isa = PBXGroup;
			children = (
				5D046DCB29C003B200913AC8 /* FirebaseBootcamp.app */,
			);
			name = Products;
			sourceTree = "<group>";
		};
		5D046DCD29C003B200913AC8 /* FirebaseBootcamp */ = {
			isa = PBXGroup;
			children = (
				5DCDA48529C51DD40034C35F /* Info.plist */,
				5D046DCE29C003B200913AC8 /* FirebaseBootcampApp.swift */,
				5DCDA48629C523BC0034C35F /* Utiliries */,
				5D2A9FCA29C20DFD0089C467 /* Authentication */,
				5D046DD029C003B200913AC8 /* ContentView.swift */,
				5D046DDC29C0048300913AC8 /* GoogleService-Info.plist */,
				5D046DD229C003B400913AC8 /* Assets.xcassets */,
				5D046DD429C003B400913AC8 /* Preview Content */,
			);
			path = FirebaseBootcamp;
			sourceTree = "<group>";
		};
		5D046DD429C003B400913AC8 /* Preview Content */ = {
			isa = PBXGroup;
			children = (
				5D046DD529C003B400913AC8 /* Preview Assets.xcassets */,
			);
			path = "Preview Content";
			sourceTree = "<group>";
		};
		5D2A9FC729C20D700089C467 /* Frameworks */ = {
			isa = PBXGroup;
			children = (
			);
			name = Frameworks;
			sourceTree = "<group>";
		};
		5D2A9FCA29C20DFD0089C467 /* Authentication */ = {
			isa = PBXGroup;
			children = (
				5D2A9FCB29C20E3B0089C467 /* AuthenticationView.swift */,
				5D2A9FCD29C20FBB0089C467 /* SignInEmailView.swift */,
				5D2A9FCF29C212690089C467 /* AuthenticationManager.swift */,
				5D2A9FD129C21CE00089C467 /* RootView.swift */,
				5D2A9FD329C220F60089C467 /* SettingsView.swift */,
				5DCDA47E29C510AF0034C35F /* SheetUpdatesView.swift */,
				5DC6895529C566AB0072ED21 /* SignInGoogleHelper.swift */,
				5D70184729C8E44C00F9486B /* SighInAppleHelper.swift */,
			);
			path = Authentication;
			sourceTree = "<group>";
		};
		5DCDA48629C523BC0034C35F /* Utiliries */ = {
			isa = PBXGroup;
			children = (
				5DCDA48729C523E70034C35F /* Utilities.swift */,
			);
			path = Utiliries;
			sourceTree = "<group>";
		};
/* End PBXGroup section */

/* Begin PBXNativeTarget section */
		5D046DCA29C003B200913AC8 /* FirebaseBootcamp */ = {
			isa = PBXNativeTarget;
			buildConfigurationList = 5D046DD929C003B400913AC8 /* Build configuration list for PBXNativeTarget "FirebaseBootcamp" */;
			buildPhases = (
				5D046DC729C003B200913AC8 /* Sources */,
				5D046DC829C003B200913AC8 /* Frameworks */,
				5D046DC929C003B200913AC8 /* Resources */,
			);
			buildRules = (
			);
			dependencies = (
			);
			name = FirebaseBootcamp;
			packageProductDependencies = (
				5D046DDF29C0051D00913AC8 /* FirebaseAnalytics */,
				5D046DE129C0051D00913AC8 /* FirebaseAnalyticsSwift */,
				5D2A9FC829C20D700089C467 /* FirebaseAuth */,
				5DCDA48129C51D850034C35F /* GoogleSignIn */,
				5DCDA48329C51D850034C35F /* GoogleSignInSwift */,
			);
			productName = FirebaseBootcamp;
			productReference = 5D046DCB29C003B200913AC8 /* FirebaseBootcamp.app */;
			productType = "com.apple.product-type.application";
		};
/* End PBXNativeTarget section */

/* Begin PBXProject section */
		5D046DC329C003B200913AC8 /* Project object */ = {
			isa = PBXProject;
			attributes = {
				BuildIndependentTargetsInParallel = 1;
				LastSwiftUpdateCheck = 1420;
				LastUpgradeCheck = 1420;
				TargetAttributes = {
					5D046DCA29C003B200913AC8 = {
						CreatedOnToolsVersion = 14.2;
					};
				};
			};
			buildConfigurationList = 5D046DC629C003B200913AC8 /* Build configuration list for PBXProject "FirebaseBootcamp" */;
			compatibilityVersion = "Xcode 14.0";
			developmentRegion = en;
			hasScannedForEncodings = 0;
			knownRegions = (
				en,
				Base,
			);
			mainGroup = 5D046DC229C003B200913AC8;
			packageReferences = (
				5D046DDE29C0051D00913AC8 /* XCRemoteSwiftPackageReference "firebase-ios-sdk" */,
				5DCDA48029C51D850034C35F /* XCRemoteSwiftPackageReference "GoogleSignIn-iOS" */,
			);
			productRefGroup = 5D046DCC29C003B200913AC8 /* Products */;
			projectDirPath = "";
			projectRoot = "";
			targets = (
				5D046DCA29C003B200913AC8 /* FirebaseBootcamp */,
			);
		};
/* End PBXProject section */

/* Begin PBXResourcesBuildPhase section */
		5D046DC929C003B200913AC8 /* Resources */ = {
			isa = PBXResourcesBuildPhase;
			buildActionMask = 2147483647;
			files = (
				5D046DD629C003B400913AC8 /* Preview Assets.xcassets in Resources */,
				5D046DD329C003B400913AC8 /* Assets.xcassets in Resources */,
				5D046DDD29C0048300913AC8 /* GoogleService-Info.plist in Resources */,
			);
			runOnlyForDeploymentPostprocessing = 0;
		};
/* End PBXResourcesBuildPhase section */

/* Begin PBXSourcesBuildPhase section */
		5D046DC729C003B200913AC8 /* Sources */ = {
			isa = PBXSourcesBuildPhase;
			buildActionMask = 2147483647;
			files = (
				5DC6895629C566AB0072ED21 /* SignInGoogleHelper.swift in Sources */,
				5D70184829C8E44C00F9486B /* SighInAppleHelper.swift in Sources */,
				5D2A9FD429C220F60089C467 /* SettingsView.swift in Sources */,
				5D046DD129C003B200913AC8 /* ContentView.swift in Sources */,
				5D046DCF29C003B200913AC8 /* FirebaseBootcampApp.swift in Sources */,
				5DCDA47F29C510AF0034C35F /* SheetUpdatesView.swift in Sources */,
				5D2A9FD229C21CE00089C467 /* RootView.swift in Sources */,
				5D2A9FCC29C20E3B0089C467 /* AuthenticationView.swift in Sources */,
				5DCDA48829C523E70034C35F /* Utilities.swift in Sources */,
				5D2A9FD029C212690089C467 /* AuthenticationManager.swift in Sources */,
				5D2A9FCE29C20FBB0089C467 /* SignInEmailView.swift in Sources */,
			);
			runOnlyForDeploymentPostprocessing = 0;
		};
/* End PBXSourcesBuildPhase section */

/* Begin XCBuildConfiguration section */
		5D046DD729C003B400913AC8 /* Debug */ = {
			isa = XCBuildConfiguration;
			buildSettings = {
				ALWAYS_SEARCH_USER_PATHS = NO;
				CLANG_ANALYZER_NONNULL = YES;
				CLANG_ANALYZER_NUMBER_OBJECT_CONVERSION = YES_AGGRESSIVE;
				CLANG_CXX_LANGUAGE_STANDARD = "gnu++20";
				CLANG_ENABLE_MODULES = YES;
				CLANG_ENABLE_OBJC_ARC = YES;
				CLANG_ENABLE_OBJC_WEAK = YES;
				CLANG_WARN_BLOCK_CAPTURE_AUTORELEASING = YES;
				CLANG_WARN_BOOL_CONVERSION = YES;
				CLANG_WARN_COMMA = YES;
				CLANG_WARN_CONSTANT_CONVERSION = YES;
				CLANG_WARN_DEPRECATED_OBJC_IMPLEMENTATIONS = YES;
				CLANG_WARN_DIRECT_OBJC_ISA_USAGE = YES_ERROR;
				CLANG_WARN_DOCUMENTATION_COMMENTS = YES;
				CLANG_WARN_EMPTY_BODY = YES;
				CLANG_WARN_ENUM_CONVERSION = YES;
				CLANG_WARN_INFINITE_RECURSION = YES;
				CLANG_WARN_INT_CONVERSION = YES;
				CLANG_WARN_NON_LITERAL_NULL_CONVERSION = YES;
				CLANG_WARN_OBJC_IMPLICIT_RETAIN_SELF = YES;
				CLANG_WARN_OBJC_LITERAL_CONVERSION = YES;
				CLANG_WARN_OBJC_ROOT_CLASS = YES_ERROR;
				CLANG_WARN_QUOTED_INCLUDE_IN_FRAMEWORK_HEADER = YES;
				CLANG_WARN_RANGE_LOOP_ANALYSIS = YES;
				CLANG_WARN_STRICT_PROTOTYPES = YES;
				CLANG_WARN_SUSPICIOUS_MOVE = YES;
				CLANG_WARN_UNGUARDED_AVAILABILITY = YES_AGGRESSIVE;
				CLANG_WARN_UNREACHABLE_CODE = YES;
				CLANG_WARN__DUPLICATE_METHOD_MATCH = YES;
				COPY_PHASE_STRIP = NO;
				DEBUG_INFORMATION_FORMAT = dwarf;
				ENABLE_STRICT_OBJC_MSGSEND = YES;
				ENABLE_TESTABILITY = YES;
				GCC_C_LANGUAGE_STANDARD = gnu11;
				GCC_DYNAMIC_NO_PIC = NO;
				GCC_NO_COMMON_BLOCKS = YES;
				GCC_OPTIMIZATION_LEVEL = 0;
				GCC_PREPROCESSOR_DEFINITIONS = (
					"DEBUG=1",
					"$(inherited)",
				);
				GCC_WARN_64_TO_32_BIT_CONVERSION = YES;
				GCC_WARN_ABOUT_RETURN_TYPE = YES_ERROR;
				GCC_WARN_UNDECLARED_SELECTOR = YES;
				GCC_WARN_UNINITIALIZED_AUTOS = YES_AGGRESSIVE;
				GCC_WARN_UNUSED_FUNCTION = YES;
				GCC_WARN_UNUSED_VARIABLE = YES;
				IPHONEOS_DEPLOYMENT_TARGET = 16.2;
				MTL_ENABLE_DEBUG_INFO = INCLUDE_SOURCE;
				MTL_FAST_MATH = YES;
				ONLY_ACTIVE_ARCH = YES;
				SDKROOT = iphoneos;
				SWIFT_ACTIVE_COMPILATION_CONDITIONS = DEBUG;
				SWIFT_OPTIMIZATION_LEVEL = "-Onone";
			};
			name = Debug;
		};
		5D046DD829C003B400913AC8 /* Release */ = {
			isa = XCBuildConfiguration;
			buildSettings = {
				ALWAYS_SEARCH_USER_PATHS = NO;
				CLANG_ANALYZER_NONNULL = YES;
				CLANG_ANALYZER_NUMBER_OBJECT_CONVERSION = YES_AGGRESSIVE;
				CLANG_CXX_LANGUAGE_STANDARD = "gnu++20";
				CLANG_ENABLE_MODULES = YES;
				CLANG_ENABLE_OBJC_ARC = YES;
				CLANG_ENABLE_OBJC_WEAK = YES;
				CLANG_WARN_BLOCK_CAPTURE_AUTORELEASING = YES;
				CLANG_WARN_BOOL_CONVERSION = YES;
				CLANG_WARN_COMMA = YES;
				CLANG_WARN_CONSTANT_CONVERSION = YES;
				CLANG_WARN_DEPRECATED_OBJC_IMPLEMENTATIONS = YES;
				CLANG_WARN_DIRECT_OBJC_ISA_USAGE = YES_ERROR;
				CLANG_WARN_DOCUMENTATION_COMMENTS = YES;
				CLANG_WARN_EMPTY_BODY = YES;
				CLANG_WARN_ENUM_CONVERSION = YES;
				CLANG_WARN_INFINITE_RECURSION = YES;
				CLANG_WARN_INT_CONVERSION = YES;
				CLANG_WARN_NON_LITERAL_NULL_CONVERSION = YES;
				CLANG_WARN_OBJC_IMPLICIT_RETAIN_SELF = YES;
				CLANG_WARN_OBJC_LITERAL_CONVERSION = YES;
				CLANG_WARN_OBJC_ROOT_CLASS = YES_ERROR;
				CLANG_WARN_QUOTED_INCLUDE_IN_FRAMEWORK_HEADER = YES;
				CLANG_WARN_RANGE_LOOP_ANALYSIS = YES;
				CLANG_WARN_STRICT_PROTOTYPES = YES;
				CLANG_WARN_SUSPICIOUS_MOVE = YES;
				CLANG_WARN_UNGUARDED_AVAILABILITY = YES_AGGRESSIVE;
				CLANG_WARN_UNREACHABLE_CODE = YES;
				CLANG_WARN__DUPLICATE_METHOD_MATCH = YES;
				COPY_PHASE_STRIP = NO;
				DEBUG_INFORMATION_FORMAT = "dwarf-with-dsym";
				ENABLE_NS_ASSERTIONS = NO;
				ENABLE_STRICT_OBJC_MSGSEND = YES;
				GCC_C_LANGUAGE_STANDARD = gnu11;
				GCC_NO_COMMON_BLOCKS = YES;
				GCC_WARN_64_TO_32_BIT_CONVERSION = YES;
				GCC_WARN_ABOUT_RETURN_TYPE = YES_ERROR;
				GCC_WARN_UNDECLARED_SELECTOR = YES;
				GCC_WARN_UNINITIALIZED_AUTOS = YES_AGGRESSIVE;
				GCC_WARN_UNUSED_FUNCTION = YES;
				GCC_WARN_UNUSED_VARIABLE = YES;
				IPHONEOS_DEPLOYMENT_TARGET = 16.2;
				MTL_ENABLE_DEBUG_INFO = NO;
				MTL_FAST_MATH = YES;
				SDKROOT = iphoneos;
				SWIFT_COMPILATION_MODE = wholemodule;
				SWIFT_OPTIMIZATION_LEVEL = "-O";
				VALIDATE_PRODUCT = YES;
			};
			name = Release;
		};
		5D046DDA29C003B400913AC8 /* Debug */ = {
			isa = XCBuildConfiguration;
			buildSettings = {
				ASSETCATALOG_COMPILER_APPICON_NAME = AppIcon;
				ASSETCATALOG_COMPILER_GLOBAL_ACCENT_COLOR_NAME = AccentColor;
				CODE_SIGN_STYLE = Automatic;
				CURRENT_PROJECT_VERSION = 1;
				DEVELOPMENT_ASSET_PATHS = "\"FirebaseBootcamp/Preview Content\"";
				DEVELOPMENT_TEAM = 648GL97VZX;
				ENABLE_PREVIEWS = YES;
				GENERATE_INFOPLIST_FILE = YES;
				INFOPLIST_FILE = FirebaseBootcamp/Info.plist;
				INFOPLIST_KEY_UIApplicationSceneManifest_Generation = YES;
				INFOPLIST_KEY_UIApplicationSupportsIndirectInputEvents = YES;
				INFOPLIST_KEY_UILaunchScreen_Generation = YES;
				INFOPLIST_KEY_UISupportedInterfaceOrientations_iPad = "UIInterfaceOrientationPortrait UIInterfaceOrientationPortraitUpsideDown UIInterfaceOrientationLandscapeLeft UIInterfaceOrientationLandscapeRight";
				INFOPLIST_KEY_UISupportedInterfaceOrientations_iPhone = "UIInterfaceOrientationPortrait UIInterfaceOrientationLandscapeLeft UIInterfaceOrientationLandscapeRight";
				IPHONEOS_DEPLOYMENT_TARGET = 16.2;
				LD_RUNPATH_SEARCH_PATHS = (
					"$(inherited)",
					"@executable_path/Frameworks",
				);
				MARKETING_VERSION = 1.0;
				PRODUCT_BUNDLE_IDENTIFIER = com.jgestradam.FirebaseBootcamp;
				PRODUCT_NAME = "$(TARGET_NAME)";
				SWIFT_EMIT_LOC_STRINGS = YES;
				SWIFT_VERSION = 5.0;
				TARGETED_DEVICE_FAMILY = "1,2";
			};
			name = Debug;
		};
		5D046DDB29C003B400913AC8 /* Release */ = {
			isa = XCBuildConfiguration;
			buildSettings = {
				ASSETCATALOG_COMPILER_APPICON_NAME = AppIcon;
				ASSETCATALOG_COMPILER_GLOBAL_ACCENT_COLOR_NAME = AccentColor;
				CODE_SIGN_STYLE = Automatic;
				CURRENT_PROJECT_VERSION = 1;
				DEVELOPMENT_ASSET_PATHS = "\"FirebaseBootcamp/Preview Content\"";
				DEVELOPMENT_TEAM = 648GL97VZX;
				ENABLE_PREVIEWS = YES;
				GENERATE_INFOPLIST_FILE = YES;
				INFOPLIST_FILE = FirebaseBootcamp/Info.plist;
				INFOPLIST_KEY_UIApplicationSceneManifest_Generation = YES;
				INFOPLIST_KEY_UIApplicationSupportsIndirectInputEvents = YES;
				INFOPLIST_KEY_UILaunchScreen_Generation = YES;
				INFOPLIST_KEY_UISupportedInterfaceOrientations_iPad = "UIInterfaceOrientationPortrait UIInterfaceOrientationPortraitUpsideDown UIInterfaceOrientationLandscapeLeft UIInterfaceOrientationLandscapeRight";
				INFOPLIST_KEY_UISupportedInterfaceOrientations_iPhone = "UIInterfaceOrientationPortrait UIInterfaceOrientationLandscapeLeft UIInterfaceOrientationLandscapeRight";
				IPHONEOS_DEPLOYMENT_TARGET = 16.2;
				LD_RUNPATH_SEARCH_PATHS = (
					"$(inherited)",
					"@executable_path/Frameworks",
				);
				MARKETING_VERSION = 1.0;
				PRODUCT_BUNDLE_IDENTIFIER = com.jgestradam.FirebaseBootcamp;
				PRODUCT_NAME = "$(TARGET_NAME)";
				SWIFT_EMIT_LOC_STRINGS = YES;
				SWIFT_VERSION = 5.0;
				TARGETED_DEVICE_FAMILY = "1,2";
			};
			name = Release;
		};
/* End XCBuildConfiguration section */

/* Begin XCConfigurationList section */
		5D046DC629C003B200913AC8 /* Build configuration list for PBXProject "FirebaseBootcamp" */ = {
			isa = XCConfigurationList;
			buildConfigurations = (
				5D046DD729C003B400913AC8 /* Debug */,
				5D046DD829C003B400913AC8 /* Release */,
			);
			defaultConfigurationIsVisible = 0;
			defaultConfigurationName = Release;
		};
		5D046DD929C003B400913AC8 /* Build configuration list for PBXNativeTarget "FirebaseBootcamp" */ = {
			isa = XCConfigurationList;
			buildConfigurations = (
				5D046DDA29C003B400913AC8 /* Debug */,
				5D046DDB29C003B400913AC8 /* Release */,
			);
			defaultConfigurationIsVisible = 0;
			defaultConfigurationName = Release;
		};
/* End XCConfigurationList section */

/* Begin XCRemoteSwiftPackageReference section */
		5D046DDE29C0051D00913AC8 /* XCRemoteSwiftPackageReference "firebase-ios-sdk" */ = {
			isa = XCRemoteSwiftPackageReference;
			repositoryURL = "https://github.com/firebase/firebase-ios-sdk";
			requirement = {
				branch = master;
				kind = branch;
			};
		};
		5DCDA48029C51D850034C35F /* XCRemoteSwiftPackageReference "GoogleSignIn-iOS" */ = {
			isa = XCRemoteSwiftPackageReference;
			repositoryURL = "https://github.com/google/GoogleSignIn-iOS.git";
			requirement = {
				kind = upToNextMajorVersion;
				minimumVersion = 7.0.0;
			};
		};
/* End XCRemoteSwiftPackageReference section */

/* Begin XCSwiftPackageProductDependency section */
		5D046DDF29C0051D00913AC8 /* FirebaseAnalytics */ = {
			isa = XCSwiftPackageProductDependency;
			package = 5D046DDE29C0051D00913AC8 /* XCRemoteSwiftPackageReference "firebase-ios-sdk" */;
			productName = FirebaseAnalytics;
		};
		5D046DE129C0051D00913AC8 /* FirebaseAnalyticsSwift */ = {
			isa = XCSwiftPackageProductDependency;
			package = 5D046DDE29C0051D00913AC8 /* XCRemoteSwiftPackageReference "firebase-ios-sdk" */;
			productName = FirebaseAnalyticsSwift;
		};
		5D2A9FC829C20D700089C467 /* FirebaseAuth */ = {
			isa = XCSwiftPackageProductDependency;
			package = 5D046DDE29C0051D00913AC8 /* XCRemoteSwiftPackageReference "firebase-ios-sdk" */;
			productName = FirebaseAuth;
		};
		5DCDA48129C51D850034C35F /* GoogleSignIn */ = {
			isa = XCSwiftPackageProductDependency;
			package = 5DCDA48029C51D850034C35F /* XCRemoteSwiftPackageReference "GoogleSignIn-iOS" */;
			productName = GoogleSignIn;
		};
		5DCDA48329C51D850034C35F /* GoogleSignInSwift */ = {
			isa = XCSwiftPackageProductDependency;
			package = 5DCDA48029C51D850034C35F /* XCRemoteSwiftPackageReference "GoogleSignIn-iOS" */;
			productName = GoogleSignInSwift;
		};
/* End XCSwiftPackageProductDependency section */
	};
	rootObject = 5D046DC329C003B200913AC8 /* Project object */;
}
